
Microsoft Visual Studio Solution File, Format Version 12.00
# Visual Studio Version 17
VisualStudioVersion = 17.1.32228.430
MinimumVisualStudioVersion = 10.0.40219.1
Project("{FAE04EC0-301F-11D3-BF4B-00C04F79EFBC}") = "tim5Solonnhat", "tim5Solonnhat\tim5Solonnhat.csproj", "{10E1B71E-53DC-4590-B8EA-A115077DCCFF}"
EndProject
Global
	GlobalSection(SolutionConfigurationPlatforms) = preSolution
		Debug|Any CPU = Debug|Any CPU
		Release|Any CPU = Release|Any CPU
	EndGlobalSection
	GlobalSection(ProjectConfigurationPlatforms) = postSolution
		{10E1B71E-53DC-4590-B8EA-A115077DCCFF}.Debug|Any CPU.ActiveCfg = Debug|Any CPU
		{10E1B71E-53DC-4590-B8EA-A115077DCCFF}.Debug|Any CPU.Build.0 = Debug|Any CPU
		{10E1B71E-53DC-4590-B8EA-A115077DCCFF}.Release|Any CPU.ActiveCfg = Release|Any CPU
		{10E1B71E-53DC-4590-B8EA-A115077DCCFF}.Release|Any CPU.Build.0 = Release|Any CPU
	EndGlobalSection
	GlobalSection(SolutionProperties) = preSolution
		HideSolutionNode = FALSE
	EndGlobalSection
	GlobalSection(ExtensibilityGlobals) = postSolution
		SolutionGuid = {5E699A03-BB4D-48C1-BB9F-A08FD4A1F74B}
	EndGlobalSection
EndGlobal
